{
  "name": "react_login_form",
  "lockfileVersion": 2,
  "requires": true,
  "packages": {
    "": {
      "dependencies": {
        "jwt-decode": "^3.1.2",
        "jwt-decode-es": "^3.0.9"
      }
    },
    "node_modules/jwt-decode": {
      "version": "3.1.2",
      "resolved": "https://registry.npmjs.org/jwt-decode/-/jwt-decode-3.1.2.tgz",
      "integrity": "sha512-UfpWE/VZn0iP50d8cz9NrZLM9lSWhcJ+0Gt/nm4by88UL+J1SiKN8/5dkjMmbEzwL2CAe+67GsegCbIKtbp75A=="
    },
    "node_modules/jwt-decode-es": {
      "version": "3.0.9",
      "resolved": "https://registry.npmjs.org/jwt-decode-es/-/jwt-decode-es-3.0.9.tgz",
      "integrity": "sha512-MhZd3th/hyDqqTBxNAgw2iX1AS4XdxlhQZQ9ZM+yFt6Yu48gNw9JvsF3AioXrJ8/gWCXGv8WQTLgGs2fCvw/YQ=="
    }
  },
  "dependencies": {
    "jwt-decode": {
      "version": "3.1.2",
      "resolved": "https://registry.npmjs.org/jwt-decode/-/jwt-decode-3.1.2.tgz",
      "integrity": "sha512-UfpWE/VZn0iP50d8cz9NrZLM9lSWhcJ+0Gt/nm4by88UL+J1SiKN8/5dkjMmbEzwL2CAe+67GsegCbIKtbp75A=="
    },
    "jwt-decode-es": {
      "version": "3.0.9",
      "resolved": "https://registry.npmjs.org/jwt-decode-es/-/jwt-decode-es-3.0.9.tgz",
      "integrity": "sha512-MhZd3th/hyDqqTBxNAgw2iX1AS4XdxlhQZQ9ZM+yFt6Yu48gNw9JvsF3AioXrJ8/gWCXGv8WQTLgGs2fCvw/YQ=="
    }
  }
}
